{
  "nodes": {
    "crane": {
      "inputs": {
        "nixpkgs": [
          "holonix",
          "nixpkgs"
        ]
      },
      "locked": {
        "lastModified": 1721058578,
        "narHash": "sha256-fs/PVa3H5dS1//4BjecWi3nitXm5fRObx0JxXIAo+JA=",
        "owner": "ipetkov",
        "repo": "crane",
        "rev": "17e5109bb1d9fb393d70fba80988f7d70d1ded1a",
        "type": "github"
      },
      "original": {
        "owner": "ipetkov",
        "repo": "crane",
        "type": "github"
      }
    },
    "flake-parts": {
      "inputs": {
        "nixpkgs-lib": "nixpkgs-lib"
      },
      "locked": {
        "lastModified": 1719994518,
        "narHash": "sha256-pQMhCCHyQGRzdfAkdJ4cIWiw+JNuWsTX7f0ZYSyz0VY=",
        "owner": "hercules-ci",
        "repo": "flake-parts",
        "rev": "9227223f6d922fee3c7b190b2cc238a99527bbb7",
        "type": "github"
      },
      "original": {
        "owner": "hercules-ci",
        "repo": "flake-parts",
        "type": "github"
      }
    },
    "hc-launch": {
      "flake": false,
      "locked": {
        "lastModified": 1720810416,
        "narHash": "sha256-PgykEezr0yrUAPQcmVJdR8M4PiKDzLCL/RS67RFeu/A=",
        "owner": "holochain",
        "repo": "hc-launch",
        "rev": "b788d346491f4749949ae1710d51508920b6ea07",
        "type": "github"
      },
      "original": {
        "owner": "holochain",
        "ref": "holochain-weekly",
        "repo": "hc-launch",
        "type": "github"
      }
    },
    "hc-scaffold": {
      "flake": false,
      "locked": {
        "lastModified": 1720709716,
        "narHash": "sha256-JrUNDbAiSPl11L8JxtgNfKXV13bWgCD+Xd0hNy8nK9A=",
        "owner": "holochain",
        "repo": "scaffolding",
        "rev": "3241aaaf52589ced9e29bf616407b867f6927c44",
        "type": "github"
      },
      "original": {
        "owner": "holochain",
        "ref": "holochain-weekly",
        "repo": "scaffolding",
        "type": "github"
      }
    },
    "holochain": {
      "flake": false,
      "locked": {
        "lastModified": 1721178546,
        "narHash": "sha256-BSizIg/FSELpbxK4QMBrMC1iJzfDUk0D0BV3Zf73RtY=",
        "owner": "holochain",
        "repo": "holochain",
        "rev": "d7ef2a0947908ba1f859a535ef9ea31f89c2d355",
        "type": "github"
      },
      "original": {
        "owner": "holochain",
        "ref": "holochain-0.4.0-dev.13",
        "repo": "holochain",
        "type": "github"
      }
    },
    "holonix": {
      "inputs": {
        "crane": [
          "crane"
        ],
        "flake-parts": "flake-parts",
        "hc-launch": "hc-launch",
        "hc-scaffold": "hc-scaffold",
        "holochain": "holochain",
        "lair-keystore": "lair-keystore",
        "nixpkgs": "nixpkgs",
        "rust-overlay": [
          "rust-overlay"
        ]
      },
      "locked": {
        "lastModified": 1721228802,
        "narHash": "sha256-Rm8zGMy8UmAxHtwmvMXD6WedgBct1wQW4wkDOR/y0TI=",
        "owner": "holochain",
        "repo": "holonix",
        "rev": "bdf900244cd2b265be9a5ab9cc245782a3dbdc88",
        "type": "github"
      },
      "original": {
        "owner": "holochain",
        "ref": "main",
        "repo": "holonix",
        "type": "github"
      }
    },
    "lair-keystore": {
      "flake": false,
      "locked": {
        "lastModified": 1717684904,
        "narHash": "sha256-vcXt67Tl1qwVUkx8CBevdQocqZXUEeoXjaYw86ljsYo=",
        "owner": "holochain",
        "repo": "lair",
        "rev": "6a84ed490fc7074d107e38bbb4a8d707e9b8e066",
        "type": "github"
      },
      "original": {
        "owner": "holochain",
        "ref": "lair_keystore-v0.4.5",
        "repo": "lair",
        "type": "github"
      }
    },
    "nixpkgs": {
      "locked": {
        "lastModified": 1720542800,
        "narHash": "sha256-ZgnNHuKV6h2+fQ5LuqnUaqZey1Lqqt5dTUAiAnqH0QQ=",
        "owner": "nixos",
        "repo": "nixpkgs",
        "rev": "feb2849fdeb70028c70d73b848214b00d324a497",
        "type": "github"
      },
      "original": {
        "owner": "nixos",
        "ref": "nixos-unstable",
        "repo": "nixpkgs",
        "type": "github"
      }
    },
    "nixpkgs-lib": {
      "locked": {
        "lastModified": 1719876945,
        "narHash": "sha256-Fm2rDDs86sHy0/1jxTOKB1118Q0O3Uc7EC0iXvXKpbI=",
        "type": "tarball",
        "url": "https://github.com/NixOS/nixpkgs/archive/5daf0514482af3f97abaefc78a6606365c9108e2.tar.gz"
      },
      "original": {
        "type": "tarball",
        "url": "https://github.com/NixOS/nixpkgs/archive/5daf0514482af3f97abaefc78a6606365c9108e2.tar.gz"
      }
    },
    "root": {
      "inputs": {
        "crane": "crane",
        "holonix": "holonix",
        "nixpkgs": [
          "holonix",
          "nixpkgs"
        ],
        "rust-overlay": "rust-overlay"
      }
    },
    "rust-overlay": {
      "inputs": {
        "nixpkgs": [
          "holonix",
          "nixpkgs"
        ]
      },
      "locked": {
        "lastModified": 1721182796,
        "narHash": "sha256-n6w4IhmVeRU+32vH93+8nqZtEZ0Zcy31Hg1GpH1g4Rk=",
        "owner": "oxalica",
        "repo": "rust-overlay",
        "rev": "d064703dc0657a49a17671c74b1a15ea7433e753",
        "type": "github"
      },
      "original": {
        "owner": "oxalica",
        "repo": "rust-overlay",
        "type": "github"
      }
    }
  },
  "root": "root",
  "version": 7
}
