{
  "nodes": {
    "crane": {
      "locked": {
        "lastModified": 1732407143,
        "narHash": "sha256-qJOGDT6PACoX+GbNH2PPx2ievlmtT1NVeTB80EkRLys=",
        "owner": "ipetkov",
        "repo": "crane",
        "rev": "f2b4b472983817021d9ffb60838b2b36b9376b20",
        "type": "github"
      },
      "original": {
        "owner": "ipetkov",
        "repo": "crane",
        "type": "github"
      }
    },
    "flake-parts": {
      "inputs": {
        "nixpkgs-lib": "nixpkgs-lib"
      },
      "locked": {
        "lastModified": 1727826117,
        "narHash": "sha256-K5ZLCyfO/Zj9mPFldf3iwS6oZStJcU4tSpiXTMYaaL0=",
        "owner": "hercules-ci",
        "repo": "flake-parts",
        "rev": "3d04084d54bedc3d6b8b736c70ef449225c361b1",
        "type": "github"
      },
      "original": {
        "owner": "hercules-ci",
        "repo": "flake-parts",
        "type": "github"
      }
    },
    "hc-launch": {
      "flake": false,
      "locked": {
        "lastModified": 1727250978,
        "narHash": "sha256-6u/VjFRV4eQQS4H0he7C0n7uNjzBBtkeoyN46jTO0mc=",
        "owner": "holochain",
        "repo": "hc-launch",
        "rev": "92afce654187be5abef67d34df20bd6464524cf3",
        "type": "github"
      },
      "original": {
        "owner": "holochain",
        "ref": "holochain-weekly",
        "repo": "hc-launch",
        "type": "github"
      }
    },
    "hc-scaffold": {
      "flake": false,
      "locked": {
        "lastModified": 1731921057,
        "narHash": "sha256-8Qn6yXNVRTAiKCwlZpD9PDW6JQZh7lgOEa9kmnsbXnM=",
        "owner": "holochain",
        "repo": "scaffolding",
        "rev": "2c5dc235c2e42b458bbc40cdd8c35bf588a2c40c",
        "type": "github"
      },
      "original": {
        "owner": "holochain",
        "ref": "holochain-weekly",
        "repo": "scaffolding",
        "type": "github"
      }
    },
    "holochain": {
      "flake": false,
      "locked": {
        "lastModified": 1732669495,
        "narHash": "sha256-JPT3ZJQHlMjoDmdyYn46IFp5QhJ9TwsVS9ELTT30+t0=",
        "owner": "holochain",
        "repo": "holochain",
        "rev": "f441becbea4b7a3bdfc45239d024c751869ab1e4",
        "type": "github"
      },
      "original": {
        "owner": "holochain",
        "ref": "holochain-0.5.0-dev.7",
        "repo": "holochain",
        "type": "github"
      }
    },
    "holonix": {
      "inputs": {
        "crane": [
          "crane"
        ],
        "flake-parts": "flake-parts",
        "hc-launch": "hc-launch",
        "hc-scaffold": "hc-scaffold",
        "holochain": "holochain",
        "lair-keystore": "lair-keystore",
        "nixpkgs": "nixpkgs",
        "rust-overlay": [
          "rust-overlay"
        ]
      },
      "locked": {
        "lastModified": 1732727927,
        "narHash": "sha256-smpX2X7CaFfhqe8nDdq6GS8ssmgAk7ck5qUuhrig7a0=",
        "owner": "holochain",
        "repo": "holonix",
        "rev": "1dbf7e73ab36172f0b57ba003ecb83dcd81fa5c9",
        "type": "github"
      },
      "original": {
        "owner": "holochain",
        "ref": "main",
        "repo": "holonix",
        "type": "github"
      }
    },
    "lair-keystore": {
      "flake": false,
      "locked": {
        "lastModified": 1726865440,
        "narHash": "sha256-+ARQs+Sfmh8QXMyjjHjm6Ib8Ag86Jm2vnyB6l3zTCgA=",
        "owner": "holochain",
        "repo": "lair",
        "rev": "9f306efed597765b70da704e1739ecc67f2510e0",
        "type": "github"
      },
      "original": {
        "owner": "holochain",
        "ref": "lair_keystore-v0.5.2",
        "repo": "lair",
        "type": "github"
      }
    },
    "nixpkgs": {
      "locked": {
        "lastModified": 1717179513,
        "narHash": "sha256-vboIEwIQojofItm2xGCdZCzW96U85l9nDW3ifMuAIdM=",
        "owner": "nixos",
        "repo": "nixpkgs",
        "rev": "63dacb46bf939521bdc93981b4cbb7ecb58427a0",
        "type": "github"
      },
      "original": {
        "owner": "nixos",
        "ref": "24.05",
        "repo": "nixpkgs",
        "type": "github"
      }
    },
    "nixpkgs-lib": {
      "locked": {
        "lastModified": 1727825735,
        "narHash": "sha256-0xHYkMkeLVQAMa7gvkddbPqpxph+hDzdu1XdGPJR+Os=",
        "type": "tarball",
        "url": "https://github.com/NixOS/nixpkgs/archive/fb192fec7cc7a4c26d51779e9bab07ce6fa5597a.tar.gz"
      },
      "original": {
        "type": "tarball",
        "url": "https://github.com/NixOS/nixpkgs/archive/fb192fec7cc7a4c26d51779e9bab07ce6fa5597a.tar.gz"
      }
    },
    "root": {
      "inputs": {
        "crane": "crane",
        "holonix": "holonix",
        "nixpkgs": [
          "holonix",
          "nixpkgs"
        ],
        "rust-overlay": "rust-overlay"
      }
    },
    "rust-overlay": {
      "inputs": {
        "nixpkgs": [
          "holonix",
          "nixpkgs"
        ]
      },
      "locked": {
        "lastModified": 1732802692,
        "narHash": "sha256-kFrxb45qj52TT/OFUFyTdmvXkn/KXDUL0/DOtjHEQvs=",
        "owner": "oxalica",
        "repo": "rust-overlay",
        "rev": "34971069ec33755b2adf2481851f66d8ec9a6bfa",
        "type": "github"
      },
      "original": {
        "owner": "oxalica",
        "repo": "rust-overlay",
        "type": "github"
      }
    }
  },
  "root": "root",
  "version": 7
}
